// !$*UTF8*$!
{
	archiveVersion = 1;
	classes = {
	};
	objectVersion = 46;
	objects = {

/* Begin PBXBuildFile section */
		EA9C17A91ED952A4006EB166 /* AppDelegate.swift in Sources */ = {isa = PBXBuildFile; fileRef = EA9C17A81ED952A4006EB166 /* AppDelegate.swift */; };
		EA9C17AB1ED952A4006EB166 /* ViewController.swift in Sources */ = {isa = PBXBuildFile; fileRef = EA9C17AA1ED952A4006EB166 /* ViewController.swift */; };
		EA9C17AE1ED952A4006EB166 /* Main.storyboard in Resources */ = {isa = PBXBuildFile; fileRef = EA9C17AC1ED952A4006EB166 /* Main.storyboard */; };
		EA9C17B01ED952A4006EB166 /* Assets.xcassets in Resources */ = {isa = PBXBuildFile; fileRef = EA9C17AF1ED952A4006EB166 /* Assets.xcassets */; };
		EA9C17B31ED952A4006EB166 /* LaunchScreen.storyboard in Resources */ = {isa = PBXBuildFile; fileRef = EA9C17B11ED952A4006EB166 /* LaunchScreen.storyboard */; };
/* End PBXBuildFile section */

/* Begin PBXFileReference section */
		EA9C17A51ED952A4006EB166 /* VXXUISet.app */ = {isa = PBXFileReference; explicitFileType = wrapper.application; includeInIndex = 0; path = VXXUISet.app; sourceTree = BUILT_PRODUCTS_DIR; };
		EA9C17A81ED952A4006EB166 /* AppDelegate.swift */ = {isa = PBXFileReference; lastKnownFileType = sourcecode.swift; path = AppDelegate.swift; sourceTree = "<group>"; };
		EA9C17AA1ED952A4006EB166 /* ViewController.swift */ = {isa = PBXFileReference; lastKnownFileType = sourcecode.swift; path = ViewController.swift; sourceTree = "<group>"; };
		EA9C17AD1ED952A4006EB166 /* Base */ = {isa = PBXFileReference; lastKnownFileType = file.storyboard; name = Base; path = Base.lproj/Main.storyboard; sourceTree = "<group>"; };
		EA9C17AF1ED952A4006EB166 /* Assets.xcassets */ = {isa = PBXFileReference; lastKnownFileType = folder.assetcatalog; path = Assets.xcassets; sourceTree = "<group>"; };
		EA9C17B21ED952A4006EB166 /* Base */ = {isa = PBXFileReference; lastKnownFileType = file.storyboard; name = Base; path = Base.lproj/LaunchScreen.storyboard; sourceTree = "<group>"; };
		EA9C17B41ED952A4006EB166 /* Info.plist */ = {isa = PBXFileReference; lastKnownFileType = text.plist.xml; path = Info.plist; sourceTree = "<group>"; };
/* End PBXFileReference section */

/* Begin PBXFrameworksBuildPhase section */
		EA9C17A21ED952A4006EB166 /* Frameworks */ = {
			isa = PBXFrameworksBuildPhase;
			buildActionMask = 2147483647;
			files = (
			);
			runOnlyForDeploymentPostprocessing = 0;
		};
/* End PBXFrameworksBuildPhase section */

/* Begin PBXGroup section */
		EA9C179C1ED952A4006EB166 = {
			isa = PBXGroup;
			children = (
				EA9C17A71ED952A4006EB166 /* VXXUISet */,
				EA9C17A61ED952A4006EB166 /* Products */,
			);
			sourceTree = "<group>";
		};
		EA9C17A61ED952A4006EB166 /* Products */ = {
			isa = PBXGroup;
			children = (
				EA9C17A51ED952A4006EB166 /* VXXUISet.app */,
			);
			name = Products;
			sourceTree = "<group>";
		};
		EA9C17A71ED952A4006EB166 /* VXXUISet */ = {
			isa = PBXGroup;
			children = (
				EA9C17A81ED952A4006EB166 /* AppDelegate.swift */,
				EA9C17AA1ED952A4006EB166 /* ViewController.swift */,
				EA9C17AC1ED952A4006EB166 /* Main.storyboard */,
				EA9C17AF1ED952A4006EB166 /* Assets.xcassets */,
				EA9C17B11ED952A4006EB166 /* LaunchScreen.storyboard */,
				EA9C17B41ED952A4006EB166 /* Info.plist */,
			);
			path = VXXUISet;
			sourceTree = "<group>";
		};
/* End PBXGroup section */

/* Begin PBXNativeTarget section */
		EA9C17A41ED952A4006EB166 /* VXXUISet */ = {
			isa = PBXNativeTarget;
			buildConfigurationList = EA9C17B71ED952A4006EB166 /* Build configuration list for PBXNativeTarget "VXXUISet" */;
			buildPhases = (
				EA9C17A11ED952A4006EB166 /* Sources */,
				EA9C17A21ED952A4006EB166 /* Frameworks */,
				EA9C17A31ED952A4006EB166 /* Resources */,
			);
			buildRules = (
			);
			dependencies = (
			);
			name = VXXUISet;
			productName = VXXUISet;
			productReference = EA9C17A51ED952A4006EB166 /* VXXUISet.app */;
			productType = "com.apple.product-type.application";
		};
/* End PBXNativeTarget section */

/* Begin PBXProject section */
		EA9C179D1ED952A4006EB166 /* Project object */ = {
			isa = PBXProject;
			attributes = {
				LastSwiftUpdateCheck = 0800;
				LastUpgradeCheck = 0800;
				ORGANIZATIONNAME = VolitationXiaoXing;
				TargetAttributes = {
					EA9C17A41ED952A4006EB166 = {
						CreatedOnToolsVersion = 8.0;
						DevelopmentTeam = GCFW8EF2TE;
						ProvisioningStyle = Automatic;
					};
				};
			};
			buildConfigurationList = EA9C17A01ED952A4006EB166 /* Build configuration list for PBXProject "VXXUISet" */;
			compatibilityVersion = "Xcode 3.2";
			developmentRegion = English;
			hasScannedForEncodings = 0;
			knownRegions = (
				en,
				Base,
			);
			mainGroup = EA9C179C1ED952A4006EB166;
			productRefGroup = EA9C17A61ED952A4006EB166 /* Products */;
			projectDirPath = "";
			projectRoot = "";
			targets = (
				EA9C17A41ED952A4006EB166 /* VXXUISet */,
			);
		};
/* End PBXProject section */

/* Begin PBXResourcesBuildPhase section */
		EA9C17A31ED952A4006EB166 /* Resources */ = {
			isa = PBXResourcesBuildPhase;
			buildActionMask = 2147483647;
			files = (
				EA9C17B31ED952A4006EB166 /* LaunchScreen.storyboard in Resources */,
				EA9C17B01ED952A4006EB166 /* Assets.xcassets in Resources */,
				EA9C17AE1ED952A4006EB166 /* Main.storyboard in Resources */,
			);
			runOnlyForDeploymentPostprocessing = 0;
		};
/* End PBXResourcesBuildPhase section */

/* Begin PBXSourcesBuildPhase section */
		EA9C17A11ED952A4006EB166 /* Sources */ = {
			isa = PBXSourcesBuildPhase;
			buildActionMask = 2147483647;
			files = (
				EA9C17AB1ED952A4006EB166 /* ViewController.swift in Sources */,
				EA9C17A91ED952A4006EB166 /* AppDelegate.swift in Sources */,
			);
			runOnlyForDeploymentPostprocessing = 0;
		};
/* End PBXSourcesBuildPhase section */

/* Begin PBXVariantGroup section */
		EA9C17AC1ED952A4006EB166 /* Main.storyboard */ = {
			isa = PBXVariantGroup;
			children = (
				EA9C17AD1ED952A4006EB166 /* Base */,
			);
			name = Main.storyboard;
			sourceTree = "<group>";
		};
		EA9C17B11ED952A4006EB166 /* LaunchScreen.storyboard */ = {
			isa = PBXVariantGroup;
			children = (
				EA9C17B21ED952A4006EB166 /* Base */,
			);
			name = LaunchScreen.storyboard;
			sourceTree = "<group>";
		};
/* End PBXVariantGroup section */

/* Begin XCBuildConfiguration section */
		EA9C17B51ED952A4006EB166 /* Debug */ = {
			isa = XCBuildConfiguration;
			buildSettings = {
				ALWAYS_SEARCH_USER_PATHS = NO;
				CLANG_ANALYZER_NONNULL = YES;
				CLANG_CXX_LANGUAGE_STANDARD = "gnu++0x";
				CLANG_CXX_LIBRARY = "libc++";
				CLANG_ENABLE_MODULES = YES;
				CLANG_ENABLE_OBJC_ARC = YES;
				CLANG_WARN_BOOL_CONVERSION = YES;
				CLANG_WARN_CONSTANT_CONVERSION = YES;
				CLANG_WARN_DIRECT_OBJC_ISA_USAGE = YES_ERROR;
				CLANG_WARN_DOCUMENTATION_COMMENTS = YES;
				CLANG_WARN_EMPTY_BODY = YES;
				CLANG_WARN_ENUM_CONVERSION = YES;
				CLANG_WARN_INFINITE_RECURSION = YES;
				CLANG_WARN_INT_CONVERSION = YES;
				CLANG_WARN_OBJC_ROOT_CLASS = YES_ERROR;
				CLANG_WARN_SUSPICIOUS_MOVES = YES;
				CLANG_WARN_UNREACHABLE_CODE = YES;
				CLANG_WARN__DUPLICATE_METHOD_MATCH = YES;
				"CODE_SIGN_IDENTITY[sdk=iphoneos*]" = "iPhone Developer";
				COPY_PHASE_STRIP = NO;
				DEBUG_INFORMATION_FORMAT = dwarf;
				ENABLE_STRICT_OBJC_MSGSEND = YES;
				ENABLE_TESTABILITY = YES;
				GCC_C_LANGUAGE_STANDARD = gnu99;
				GCC_DYNAMIC_NO_PIC = NO;
				GCC_NO_COMMON_BLOCKS = YES;
				GCC_OPTIMIZATION_LEVEL = 0;
				GCC_PREPROCESSOR_DEFINITIONS = (
					"DEBUG=1",
					"$(inherited)",
				);
				GCC_WARN_64_TO_32_BIT_CONVERSION = YES;
				GCC_WARN_ABOUT_RETURN_TYPE = YES_ERROR;
				GCC_WARN_UNDECLARED_SELECTOR = YES;
				GCC_WARN_UNINITIALIZED_AUTOS = YES_AGGRESSIVE;
				GCC_WARN_UNUSED_FUNCTION = YES;
				GCC_WARN_UNUSED_VARIABLE = YES;
				IPHONEOS_DEPLOYMENT_TARGET = 10.0;
				MTL_ENABLE_DEBUG_INFO = YES;
				ONLY_ACTIVE_ARCH = YES;
				SDKROOT = iphoneos;
				SWIFT_ACTIVE_COMPILATION_CONDITIONS = DEBUG;
				SWIFT_OPTIMIZATION_LEVEL = "-Onone";
			};
			name = Debug;
		};
		EA9C17B61ED952A4006EB166 /* Release */ = {
			isa = XCBuildConfiguration;
			buildSettings = {
				ALWAYS_SEARCH_USER_PATHS = NO;
				CLANG_ANALYZER_NONNULL = YES;
				CLANG_CXX_LANGUAGE_STANDARD = "gnu++0x";
				CLANG_CXX_LIBRARY = "libc++";
				CLANG_ENABLE_MODULES = YES;
				CLANG_ENABLE_OBJC_ARC = YES;
				CLANG_WARN_BOOL_CONVERSION = YES;
				CLANG_WARN_CONSTANT_CONVERSION = YES;
				CLANG_WARN_DIRECT_OBJC_ISA_USAGE = YES_ERROR;
				CLANG_WARN_DOCUMENTATION_COMMENTS = YES;
				CLANG_WARN_EMPTY_BODY = YES;
				CLANG_WARN_ENUM_CONVERSION = YES;
				CLANG_WARN_INFINITE_RECURSION = YES;
				CLANG_WARN_INT_CONVERSION = YES;
				CLANG_WARN_OBJC_ROOT_CLASS = YES_ERROR;
				CLANG_WARN_SUSPICIOUS_MOVES = YES;
				CLANG_WARN_UNREACHABLE_CODE = YES;
				CLANG_WARN__DUPLICATE_METHOD_MATCH = YES;
				"CODE_SIGN_IDENTITY[sdk=iphoneos*]" = "iPhone Developer";
				COPY_PHASE_STRIP = NO;
				DEBUG_INFORMATION_FORMAT = "dwarf-with-dsym";
				ENABLE_NS_ASSERTIONS = NO;
				ENABLE_STRICT_OBJC_MSGSEND = YES;
				GCC_C_LANGUAGE_STANDARD = gnu99;
				GCC_NO_COMMON_BLOCKS = YES;
				GCC_WARN_64_TO_32_BIT_CONVERSION = YES;
				GCC_WARN_ABOUT_RETURN_TYPE = YES_ERROR;
				GCC_WARN_UNDECLARED_SELECTOR = YES;
				GCC_WARN_UNINITIALIZED_AUTOS = YES_AGGRESSIVE;
				GCC_WARN_UNUSED_FUNCTION = YES;
				GCC_WARN_UNUSED_VARIABLE = YES;
				IPHONEOS_DEPLOYMENT_TARGET = 10.0;
				MTL_ENABLE_DEBUG_INFO = NO;
				SDKROOT = iphoneos;
				SWIFT_OPTIMIZATION_LEVEL = "-Owholemodule";
				VALIDATE_PRODUCT = YES;
			};
			name = Release;
		};
		EA9C17B81ED952A4006EB166 /* Debug */ = {
			isa = XCBuildConfiguration;
			buildSettings = {
				ASSETCATALOG_COMPILER_APPICON_NAME = AppIcon;
				DEVELOPMENT_TEAM = GCFW8EF2TE;
				INFOPLIST_FILE = VXXUISet/Info.plist;
				LD_RUNPATH_SEARCH_PATHS = "$(inherited) @executable_path/Frameworks";
				PRODUCT_BUNDLE_IDENTIFIER = com.VolitationXiaoXing.VXXUISet;
				PRODUCT_NAME = "$(TARGET_NAME)";
				SWIFT_VERSION = 3.0;
			};
			name = Debug;
		};
		EA9C17B91ED952A4006EB166 /* Release */ = {
			isa = XCBuildConfiguration;
			buildSettings = {
				ASSETCATALOG_COMPILER_APPICON_NAME = AppIcon;
				DEVELOPMENT_TEAM = GCFW8EF2TE;
				INFOPLIST_FILE = VXXUISet/Info.plist;
				LD_RUNPATH_SEARCH_PATHS = "$(inherited) @executable_path/Frameworks";
				PRODUCT_BUNDLE_IDENTIFIER = com.VolitationXiaoXing.VXXUISet;
				PRODUCT_NAME = "$(TARGET_NAME)";
				SWIFT_VERSION = 3.0;
			};
			name = Release;
		};
/* End XCBuildConfiguration section */

/* Begin XCConfigurationList section */
		EA9C17A01ED952A4006EB166 /* Build configuration list for PBXProject "VXXUISet" */ = {
			isa = XCConfigurationList;
			buildConfigurations = (
				EA9C17B51ED952A4006EB166 /* Debug */,
				EA9C17B61ED952A4006EB166 /* Release */,
			);
			defaultConfigurationIsVisible = 0;
			defaultConfigurationName = Release;
		};
		EA9C17B71ED952A4006EB166 /* Build configuration list for PBXNativeTarget "VXXUISet" */ = {
			isa = XCConfigurationList;
			buildConfigurations = (
				EA9C17B81ED952A4006EB166 /* Debug */,
				EA9C17B91ED952A4006EB166 /* Release */,
			);
			defaultConfigurationIsVisible = 0;
		};
/* End XCConfigurationList section */
	};
	rootObject = EA9C179D1ED952A4006EB166 /* Project object */;
}
